// !$*UTF8*$!
{
	archiveVersion = 1;
	classes = {
	};
	objectVersion = 56;
	objects = {

/* Begin PBXBuildFile section */
		A8138B3E2980399500A24E4F /* ManagedArticle.swift in Sources */ = {isa = PBXBuildFile; fileRef = A8138B3D2980399500A24E4F /* ManagedArticle.swift */; };
		A8138B4429803AC500A24E4F /* ArticleStore.xcdatamodeld in Sources */ = {isa = PBXBuildFile; fileRef = A8138B4229803AC500A24E4F /* ArticleStore.xcdatamodeld */; };
		A84B38B7298047B900612343 /* CoreDataArticleStore.swift in Sources */ = {isa = PBXBuildFile; fileRef = A84B38B6298047B900612343 /* CoreDataArticleStore.swift */; };
		A84B38B92980482200612343 /* CoreDataHelpers.swift in Sources */ = {isa = PBXBuildFile; fileRef = A84B38B82980482200612343 /* CoreDataHelpers.swift */; };
		A84B38BE2980723700612343 /* ManagedCache.swift in Sources */ = {isa = PBXBuildFile; fileRef = A84B38BD2980723700612343 /* ManagedCache.swift */; };
		A852475A29843D1F00E9C111 /* ArticleStoreSpecs.swift in Sources */ = {isa = PBXBuildFile; fileRef = A852475929843D1F00E9C111 /* ArticleStoreSpecs.swift */; };
		A852475C298455DF00E9C111 /* XCTestCase+ArticleStoreSpecs.swift in Sources */ = {isa = PBXBuildFile; fileRef = A852475B298455DF00E9C111 /* XCTestCase+ArticleStoreSpecs.swift */; };
		A85FD66029857EFF00A840A0 /* CoreDataArticleStoreTests.swift in Sources */ = {isa = PBXBuildFile; fileRef = A85FD65F29857EFF00A840A0 /* CoreDataArticleStoreTests.swift */; };
		A85FD6622985A8A500A840A0 /* ArticleCacheTestHelpers.swift in Sources */ = {isa = PBXBuildFile; fileRef = A85FD6612985A8A500A840A0 /* ArticleCacheTestHelpers.swift */; };
		A89C0BEA298A864900689FEB /* CacheArticlesUseCaseTests.swift in Sources */ = {isa = PBXBuildFile; fileRef = A89C0BE9298A864900689FEB /* CacheArticlesUseCaseTests.swift */; };
		A89CEC42298C13B800B3D02B /* AppDelegate.swift in Sources */ = {isa = PBXBuildFile; fileRef = A89CEC41298C13B800B3D02B /* AppDelegate.swift */; };
		A89CEC44298C13B800B3D02B /* SceneDelegate.swift in Sources */ = {isa = PBXBuildFile; fileRef = A89CEC43298C13B800B3D02B /* SceneDelegate.swift */; };
		A89CEC46298C13B800B3D02B /* ViewController.swift in Sources */ = {isa = PBXBuildFile; fileRef = A89CEC45298C13B800B3D02B /* ViewController.swift */; };
		A89CEC49298C13B800B3D02B /* Main.storyboard in Resources */ = {isa = PBXBuildFile; fileRef = A89CEC47298C13B800B3D02B /* Main.storyboard */; };
		A89CEC4C298C13B800B3D02B /* EasyNewsiOS.xcdatamodeld in Sources */ = {isa = PBXBuildFile; fileRef = A89CEC4A298C13B800B3D02B /* EasyNewsiOS.xcdatamodeld */; };
		A89CEC4E298C13B800B3D02B /* Assets.xcassets in Resources */ = {isa = PBXBuildFile; fileRef = A89CEC4D298C13B800B3D02B /* Assets.xcassets */; };
		A89CEC51298C13B800B3D02B /* LaunchScreen.storyboard in Resources */ = {isa = PBXBuildFile; fileRef = A89CEC4F298C13B800B3D02B /* LaunchScreen.storyboard */; };
		A89CEC5C298C13B900B3D02B /* EasyNewsiOSTests.swift in Sources */ = {isa = PBXBuildFile; fileRef = A89CEC5B298C13B900B3D02B /* EasyNewsiOSTests.swift */; };
		A89CEC66298C13B900B3D02B /* EasyNewsiOSUITests.swift in Sources */ = {isa = PBXBuildFile; fileRef = A89CEC65298C13B900B3D02B /* EasyNewsiOSUITests.swift */; };
		A89CEC68298C13B900B3D02B /* EasyNewsiOSUITestsLaunchTests.swift in Sources */ = {isa = PBXBuildFile; fileRef = A89CEC67298C13B900B3D02B /* EasyNewsiOSUITestsLaunchTests.swift */; };
		A8A1FBF6298994A300296E97 /* LocalArticlesLoader.swift in Sources */ = {isa = PBXBuildFile; fileRef = A8A1FBF5298994A300296E97 /* LocalArticlesLoader.swift */; };
		A8B252D8298147160037B1D4 /* LocalArticle.swift in Sources */ = {isa = PBXBuildFile; fileRef = A8B252D7298147160037B1D4 /* LocalArticle.swift */; };
		A8B252DA2981549A0037B1D4 /* ArticleCachePolicy.swift in Sources */ = {isa = PBXBuildFile; fileRef = A8B252D92981549A0037B1D4 /* ArticleCachePolicy.swift */; };
		A8B252E42982C31F0037B1D4 /* ArticleStoreSpy.swift in Sources */ = {isa = PBXBuildFile; fileRef = A8B252E32982C31F0037B1D4 /* ArticleStoreSpy.swift */; };
		A8B252E62982C5650037B1D4 /* ArticleStore.swift in Sources */ = {isa = PBXBuildFile; fileRef = A8B252E52982C5650037B1D4 /* ArticleStore.swift */; };
		A8C7230829671D0C0032087C /* AppDelegate.swift in Sources */ = {isa = PBXBuildFile; fileRef = A8C7230729671D0C0032087C /* AppDelegate.swift */; };
		A8C7230A29671D0C0032087C /* SceneDelegate.swift in Sources */ = {isa = PBXBuildFile; fileRef = A8C7230929671D0C0032087C /* SceneDelegate.swift */; };
		A8C7230F29671D0C0032087C /* Main.storyboard in Resources */ = {isa = PBXBuildFile; fileRef = A8C7230D29671D0C0032087C /* Main.storyboard */; };
		A8C7231229671D0C0032087C /* EasyNews.xcdatamodeld in Sources */ = {isa = PBXBuildFile; fileRef = A8C7231029671D0C0032087C /* EasyNews.xcdatamodeld */; };
		A8C7231429671D0D0032087C /* Assets.xcassets in Resources */ = {isa = PBXBuildFile; fileRef = A8C7231329671D0D0032087C /* Assets.xcassets */; };
		A8C7231729671D0D0032087C /* LaunchScreen.storyboard in Resources */ = {isa = PBXBuildFile; fileRef = A8C7231529671D0D0032087C /* LaunchScreen.storyboard */; };
		A8C7232C29671D0E0032087C /* EasyNewsUITests.swift in Sources */ = {isa = PBXBuildFile; fileRef = A8C7232B29671D0E0032087C /* EasyNewsUITests.swift */; };
		A8C7232E29671D0E0032087C /* EasyNewsUITestsLaunchTests.swift in Sources */ = {isa = PBXBuildFile; fileRef = A8C7232D29671D0E0032087C /* EasyNewsUITestsLaunchTests.swift */; };
		A8C7233E296723890032087C /* HTTPClient.swift in Sources */ = {isa = PBXBuildFile; fileRef = A8C7233D296723890032087C /* HTTPClient.swift */; };
		A8C72340296724EC0032087C /* URLSessionHTTPClient.swift in Sources */ = {isa = PBXBuildFile; fileRef = A8C7233F296724EC0032087C /* URLSessionHTTPClient.swift */; };
		A8C7234429672A600032087C /* XCTestCase+MemoryLeakTracking.swift in Sources */ = {isa = PBXBuildFile; fileRef = A8C7234329672A600032087C /* XCTestCase+MemoryLeakTracking.swift */; };
		A8C7234829672F360032087C /* URLSessionHTTPClientTests.swift in Sources */ = {isa = PBXBuildFile; fileRef = A8C7234729672F360032087C /* URLSessionHTTPClientTests.swift */; };
		A8C7234A296733160032087C /* SharedTestHelpers.swift in Sources */ = {isa = PBXBuildFile; fileRef = A8C72349296733160032087C /* SharedTestHelpers.swift */; };
		A8C7234D296734D40032087C /* URLProtocolStub.swift in Sources */ = {isa = PBXBuildFile; fileRef = A8C7234C296734D40032087C /* URLProtocolStub.swift */; };
		A8C72350296B25600032087C /* ArticleItemsMapper.swift in Sources */ = {isa = PBXBuildFile; fileRef = A8C7234F296B25600032087C /* ArticleItemsMapper.swift */; };
		A8C72371296B46A60032087C /* ArticleLoader.swift in Sources */ = {isa = PBXBuildFile; fileRef = A8C72370296B46A60032087C /* ArticleLoader.swift */; };
		A8C72373296B4A740032087C /* Article.swift in Sources */ = {isa = PBXBuildFile; fileRef = A8C72372296B4A740032087C /* Article.swift */; };
		A8C72375296B54180032087C /* HTTPURLResponse+StatusCode.swift in Sources */ = {isa = PBXBuildFile; fileRef = A8C72374296B54180032087C /* HTTPURLResponse+StatusCode.swift */; };
/* End PBXBuildFile section */

/* Begin PBXContainerItemProxy section */
		A89CEC58298C13B900B3D02B /* PBXContainerItemProxy */ = {
			isa = PBXContainerItemProxy;
			containerPortal = A8C722FC29671D0C0032087C /* Project object */;
			proxyType = 1;
			remoteGlobalIDString = A89CEC3E298C13B800B3D02B;
			remoteInfo = EasyNewsiOS;
		};
		A89CEC62298C13B900B3D02B /* PBXContainerItemProxy */ = {
			isa = PBXContainerItemProxy;
			containerPortal = A8C722FC29671D0C0032087C /* Project object */;
			proxyType = 1;
			remoteGlobalIDString = A89CEC3E298C13B800B3D02B;
			remoteInfo = EasyNewsiOS;
		};
		A8C7231E29671D0E0032087C /* PBXContainerItemProxy */ = {
			isa = PBXContainerItemProxy;
			containerPortal = A8C722FC29671D0C0032087C /* Project object */;
			proxyType = 1;
			remoteGlobalIDString = A8C7230329671D0C0032087C;
			remoteInfo = EsayNews;
		};
		A8C7232829671D0E0032087C /* PBXContainerItemProxy */ = {
			isa = PBXContainerItemProxy;
			containerPortal = A8C722FC29671D0C0032087C /* Project object */;
			proxyType = 1;
			remoteGlobalIDString = A8C7230329671D0C0032087C;
			remoteInfo = EsayNews;
		};
/* End PBXContainerItemProxy section */

/* Begin PBXFileReference section */
		A8138B3D2980399500A24E4F /* ManagedArticle.swift */ = {isa = PBXFileReference; lastKnownFileType = sourcecode.swift; path = ManagedArticle.swift; sourceTree = "<group>"; };
		A8138B4329803AC500A24E4F /* ArticleStore.xcdatamodel */ = {isa = PBXFileReference; lastKnownFileType = wrapper.xcdatamodel; path = ArticleStore.xcdatamodel; sourceTree = "<group>"; };
		A84B38B6298047B900612343 /* CoreDataArticleStore.swift */ = {isa = PBXFileReference; lastKnownFileType = sourcecode.swift; path = CoreDataArticleStore.swift; sourceTree = "<group>"; };
		A84B38B82980482200612343 /* CoreDataHelpers.swift */ = {isa = PBXFileReference; lastKnownFileType = sourcecode.swift; path = CoreDataHelpers.swift; sourceTree = "<group>"; };
		A84B38BD2980723700612343 /* ManagedCache.swift */ = {isa = PBXFileReference; lastKnownFileType = sourcecode.swift; path = ManagedCache.swift; sourceTree = "<group>"; };
		A852475929843D1F00E9C111 /* ArticleStoreSpecs.swift */ = {isa = PBXFileReference; lastKnownFileType = sourcecode.swift; path = ArticleStoreSpecs.swift; sourceTree = "<group>"; };
		A852475B298455DF00E9C111 /* XCTestCase+ArticleStoreSpecs.swift */ = {isa = PBXFileReference; lastKnownFileType = sourcecode.swift; path = "XCTestCase+ArticleStoreSpecs.swift"; sourceTree = "<group>"; };
		A85FD65F29857EFF00A840A0 /* CoreDataArticleStoreTests.swift */ = {isa = PBXFileReference; lastKnownFileType = sourcecode.swift; path = CoreDataArticleStoreTests.swift; sourceTree = "<group>"; };
		A85FD6612985A8A500A840A0 /* ArticleCacheTestHelpers.swift */ = {isa = PBXFileReference; lastKnownFileType = sourcecode.swift; path = ArticleCacheTestHelpers.swift; sourceTree = "<group>"; };
		A89C0BE9298A864900689FEB /* CacheArticlesUseCaseTests.swift */ = {isa = PBXFileReference; fileEncoding = 4; lastKnownFileType = sourcecode.swift; path = CacheArticlesUseCaseTests.swift; sourceTree = "<group>"; };
		A89CEC3F298C13B800B3D02B /* EasyNewsiOS.app */ = {isa = PBXFileReference; explicitFileType = wrapper.application; includeInIndex = 0; path = EasyNewsiOS.app; sourceTree = BUILT_PRODUCTS_DIR; };
		A89CEC41298C13B800B3D02B /* AppDelegate.swift */ = {isa = PBXFileReference; lastKnownFileType = sourcecode.swift; path = AppDelegate.swift; sourceTree = "<group>"; };
		A89CEC43298C13B800B3D02B /* SceneDelegate.swift */ = {isa = PBXFileReference; lastKnownFileType = sourcecode.swift; path = SceneDelegate.swift; sourceTree = "<group>"; };
		A89CEC45298C13B800B3D02B /* ViewController.swift */ = {isa = PBXFileReference; lastKnownFileType = sourcecode.swift; path = ViewController.swift; sourceTree = "<group>"; };
		A89CEC48298C13B800B3D02B /* Base */ = {isa = PBXFileReference; lastKnownFileType = file.storyboard; name = Base; path = Base.lproj/Main.storyboard; sourceTree = "<group>"; };
		A89CEC4B298C13B800B3D02B /* EasyNewsiOS.xcdatamodel */ = {isa = PBXFileReference; lastKnownFileType = wrapper.xcdatamodel; path = EasyNewsiOS.xcdatamodel; sourceTree = "<group>"; };
		A89CEC4D298C13B800B3D02B /* Assets.xcassets */ = {isa = PBXFileReference; lastKnownFileType = folder.assetcatalog; path = Assets.xcassets; sourceTree = "<group>"; };
		A89CEC50298C13B800B3D02B /* Base */ = {isa = PBXFileReference; lastKnownFileType = file.storyboard; name = Base; path = Base.lproj/LaunchScreen.storyboard; sourceTree = "<group>"; };
		A89CEC52298C13B800B3D02B /* Info.plist */ = {isa = PBXFileReference; lastKnownFileType = text.plist.xml; path = Info.plist; sourceTree = "<group>"; };
		A89CEC57298C13B900B3D02B /* EasyNewsiOSTests.xctest */ = {isa = PBXFileReference; explicitFileType = wrapper.cfbundle; includeInIndex = 0; path = EasyNewsiOSTests.xctest; sourceTree = BUILT_PRODUCTS_DIR; };
		A89CEC5B298C13B900B3D02B /* EasyNewsiOSTests.swift */ = {isa = PBXFileReference; lastKnownFileType = sourcecode.swift; path = EasyNewsiOSTests.swift; sourceTree = "<group>"; };
		A89CEC61298C13B900B3D02B /* EasyNewsiOSUITests.xctest */ = {isa = PBXFileReference; explicitFileType = wrapper.cfbundle; includeInIndex = 0; path = EasyNewsiOSUITests.xctest; sourceTree = BUILT_PRODUCTS_DIR; };
		A89CEC65298C13B900B3D02B /* EasyNewsiOSUITests.swift */ = {isa = PBXFileReference; lastKnownFileType = sourcecode.swift; path = EasyNewsiOSUITests.swift; sourceTree = "<group>"; };
		A89CEC67298C13B900B3D02B /* EasyNewsiOSUITestsLaunchTests.swift */ = {isa = PBXFileReference; lastKnownFileType = sourcecode.swift; path = EasyNewsiOSUITestsLaunchTests.swift; sourceTree = "<group>"; };
		A8A1FBF5298994A300296E97 /* LocalArticlesLoader.swift */ = {isa = PBXFileReference; lastKnownFileType = sourcecode.swift; path = LocalArticlesLoader.swift; sourceTree = "<group>"; };
		A8B252D7298147160037B1D4 /* LocalArticle.swift */ = {isa = PBXFileReference; lastKnownFileType = sourcecode.swift; path = LocalArticle.swift; sourceTree = "<group>"; };
		A8B252D92981549A0037B1D4 /* ArticleCachePolicy.swift */ = {isa = PBXFileReference; lastKnownFileType = sourcecode.swift; path = ArticleCachePolicy.swift; sourceTree = "<group>"; };
		A8B252E32982C31F0037B1D4 /* ArticleStoreSpy.swift */ = {isa = PBXFileReference; lastKnownFileType = sourcecode.swift; path = ArticleStoreSpy.swift; sourceTree = "<group>"; };
		A8B252E52982C5650037B1D4 /* ArticleStore.swift */ = {isa = PBXFileReference; lastKnownFileType = sourcecode.swift; path = ArticleStore.swift; sourceTree = "<group>"; };
		A8C7230429671D0C0032087C /* EasyNews.app */ = {isa = PBXFileReference; explicitFileType = wrapper.application; includeInIndex = 0; path = EasyNews.app; sourceTree = BUILT_PRODUCTS_DIR; };
		A8C7230729671D0C0032087C /* AppDelegate.swift */ = {isa = PBXFileReference; lastKnownFileType = sourcecode.swift; path = AppDelegate.swift; sourceTree = "<group>"; };
		A8C7230929671D0C0032087C /* SceneDelegate.swift */ = {isa = PBXFileReference; lastKnownFileType = sourcecode.swift; path = SceneDelegate.swift; sourceTree = "<group>"; };
		A8C7230E29671D0C0032087C /* Base */ = {isa = PBXFileReference; lastKnownFileType = file.storyboard; name = Base; path = Base.lproj/Main.storyboard; sourceTree = "<group>"; };
		A8C7231129671D0C0032087C /* EsayNews.xcdatamodel */ = {isa = PBXFileReference; lastKnownFileType = wrapper.xcdatamodel; path = EsayNews.xcdatamodel; sourceTree = "<group>"; };
		A8C7231329671D0D0032087C /* Assets.xcassets */ = {isa = PBXFileReference; lastKnownFileType = folder.assetcatalog; path = Assets.xcassets; sourceTree = "<group>"; };
		A8C7231629671D0D0032087C /* Base */ = {isa = PBXFileReference; lastKnownFileType = file.storyboard; name = Base; path = Base.lproj/LaunchScreen.storyboard; sourceTree = "<group>"; };
		A8C7231829671D0D0032087C /* Info.plist */ = {isa = PBXFileReference; lastKnownFileType = text.plist.xml; path = Info.plist; sourceTree = "<group>"; };
		A8C7231D29671D0E0032087C /* EasyNewsTests.xctest */ = {isa = PBXFileReference; explicitFileType = wrapper.cfbundle; includeInIndex = 0; path = EasyNewsTests.xctest; sourceTree = BUILT_PRODUCTS_DIR; };
		A8C7232729671D0E0032087C /* EasyNewsUITests.xctest */ = {isa = PBXFileReference; explicitFileType = wrapper.cfbundle; includeInIndex = 0; path = EasyNewsUITests.xctest; sourceTree = BUILT_PRODUCTS_DIR; };
		A8C7232B29671D0E0032087C /* EasyNewsUITests.swift */ = {isa = PBXFileReference; lastKnownFileType = sourcecode.swift; path = EasyNewsUITests.swift; sourceTree = "<group>"; };
		A8C7232D29671D0E0032087C /* EasyNewsUITestsLaunchTests.swift */ = {isa = PBXFileReference; lastKnownFileType = sourcecode.swift; path = EasyNewsUITestsLaunchTests.swift; sourceTree = "<group>"; };
		A8C7233D296723890032087C /* HTTPClient.swift */ = {isa = PBXFileReference; lastKnownFileType = sourcecode.swift; path = HTTPClient.swift; sourceTree = "<group>"; };
		A8C7233F296724EC0032087C /* URLSessionHTTPClient.swift */ = {isa = PBXFileReference; lastKnownFileType = sourcecode.swift; path = URLSessionHTTPClient.swift; sourceTree = "<group>"; };
		A8C7234329672A600032087C /* XCTestCase+MemoryLeakTracking.swift */ = {isa = PBXFileReference; lastKnownFileType = sourcecode.swift; path = "XCTestCase+MemoryLeakTracking.swift"; sourceTree = "<group>"; };
		A8C7234729672F360032087C /* URLSessionHTTPClientTests.swift */ = {isa = PBXFileReference; lastKnownFileType = sourcecode.swift; path = URLSessionHTTPClientTests.swift; sourceTree = "<group>"; };
		A8C72349296733160032087C /* SharedTestHelpers.swift */ = {isa = PBXFileReference; lastKnownFileType = sourcecode.swift; path = SharedTestHelpers.swift; sourceTree = "<group>"; };
		A8C7234C296734D40032087C /* URLProtocolStub.swift */ = {isa = PBXFileReference; lastKnownFileType = sourcecode.swift; path = URLProtocolStub.swift; sourceTree = "<group>"; };
		A8C7234F296B25600032087C /* ArticleItemsMapper.swift */ = {isa = PBXFileReference; lastKnownFileType = sourcecode.swift; path = ArticleItemsMapper.swift; sourceTree = "<group>"; };
		A8C72370296B46A60032087C /* ArticleLoader.swift */ = {isa = PBXFileReference; lastKnownFileType = sourcecode.swift; path = ArticleLoader.swift; sourceTree = "<group>"; };
		A8C72372296B4A740032087C /* Article.swift */ = {isa = PBXFileReference; lastKnownFileType = sourcecode.swift; path = Article.swift; sourceTree = "<group>"; };
		A8C72374296B54180032087C /* HTTPURLResponse+StatusCode.swift */ = {isa = PBXFileReference; lastKnownFileType = sourcecode.swift; path = "HTTPURLResponse+StatusCode.swift"; sourceTree = "<group>"; };
/* End PBXFileReference section */

/* Begin PBXFrameworksBuildPhase section */
		A89CEC3C298C13B800B3D02B /* Frameworks */ = {
			isa = PBXFrameworksBuildPhase;
			buildActionMask = 2147483647;
			files = (
			);
			runOnlyForDeploymentPostprocessing = 0;
		};
		A89CEC54298C13B900B3D02B /* Frameworks */ = {
			isa = PBXFrameworksBuildPhase;
			buildActionMask = 2147483647;
			files = (
			);
			runOnlyForDeploymentPostprocessing = 0;
		};
		A89CEC5E298C13B900B3D02B /* Frameworks */ = {
			isa = PBXFrameworksBuildPhase;
			buildActionMask = 2147483647;
			files = (
			);
			runOnlyForDeploymentPostprocessing = 0;
		};
		A8C7230129671D0C0032087C /* Frameworks */ = {
			isa = PBXFrameworksBuildPhase;
			buildActionMask = 2147483647;
			files = (
			);
			runOnlyForDeploymentPostprocessing = 0;
		};
		A8C7231A29671D0E0032087C /* Frameworks */ = {
			isa = PBXFrameworksBuildPhase;
			buildActionMask = 2147483647;
			files = (
			);
			runOnlyForDeploymentPostprocessing = 0;
		};
		A8C7232429671D0E0032087C /* Frameworks */ = {
			isa = PBXFrameworksBuildPhase;
			buildActionMask = 2147483647;
			files = (
			);
			runOnlyForDeploymentPostprocessing = 0;
		};
/* End PBXFrameworksBuildPhase section */

/* Begin PBXGroup section */
		A8138B3C29802A8600A24E4F /* Article Cache */ = {
			isa = PBXGroup;
			children = (
				A84B38BA298054B600612343 /* Infrastructure */,
			);
			path = "Article Cache";
			sourceTree = "<group>";
		};
		A84B38BA298054B600612343 /* Infrastructure */ = {
			isa = PBXGroup;
			children = (
				A84B38BB298054D000612343 /* CoreData */,
				A8B252D7298147160037B1D4 /* LocalArticle.swift */,
				A8B252D92981549A0037B1D4 /* ArticleCachePolicy.swift */,
				A8B252E52982C5650037B1D4 /* ArticleStore.swift */,
				A8A1FBF5298994A300296E97 /* LocalArticlesLoader.swift */,
			);
			path = Infrastructure;
			sourceTree = "<group>";
		};
		A84B38BB298054D000612343 /* CoreData */ = {
			isa = PBXGroup;
			children = (
				A8138B4229803AC500A24E4F /* ArticleStore.xcdatamodeld */,
				A84B38B82980482200612343 /* CoreDataHelpers.swift */,
				A8138B3D2980399500A24E4F /* ManagedArticle.swift */,
				A84B38BD2980723700612343 /* ManagedCache.swift */,
				A84B38B6298047B900612343 /* CoreDataArticleStore.swift */,
			);
			path = CoreData;
			sourceTree = "<group>";
		};
		A84B38BC29805A6D00612343 /* Article Cache */ = {
			isa = PBXGroup;
			children = (
				A852475829843CDC00E9C111 /* ArticleStoreSpecs */,
				A8B252E22982C3130037B1D4 /* Helpers */,
				A85FD65F29857EFF00A840A0 /* CoreDataArticleStoreTests.swift */,
				A89C0BE9298A864900689FEB /* CacheArticlesUseCaseTests.swift */,
				A85FD6612985A8A500A840A0 /* ArticleCacheTestHelpers.swift */,
			);
			path = "Article Cache";
			sourceTree = "<group>";
		};
		A852475829843CDC00E9C111 /* ArticleStoreSpecs */ = {
			isa = PBXGroup;
			children = (
				A852475929843D1F00E9C111 /* ArticleStoreSpecs.swift */,
				A852475B298455DF00E9C111 /* XCTestCase+ArticleStoreSpecs.swift */,
			);
			path = ArticleStoreSpecs;
			sourceTree = "<group>";
		};
		A89CEC40298C13B800B3D02B /* EasyNewsiOS */ = {
			isa = PBXGroup;
			children = (
				A89CEC41298C13B800B3D02B /* AppDelegate.swift */,
				A89CEC43298C13B800B3D02B /* SceneDelegate.swift */,
				A89CEC45298C13B800B3D02B /* ViewController.swift */,
				A89CEC47298C13B800B3D02B /* Main.storyboard */,
				A89CEC4D298C13B800B3D02B /* Assets.xcassets */,
				A89CEC4F298C13B800B3D02B /* LaunchScreen.storyboard */,
				A89CEC52298C13B800B3D02B /* Info.plist */,
				A89CEC4A298C13B800B3D02B /* EasyNewsiOS.xcdatamodeld */,
			);
			path = EasyNewsiOS;
			sourceTree = "<group>";
		};
		A89CEC5A298C13B900B3D02B /* EasyNewsiOSTests */ = {
			isa = PBXGroup;
			children = (
				A89CEC5B298C13B900B3D02B /* EasyNewsiOSTests.swift */,
			);
			path = EasyNewsiOSTests;
			sourceTree = "<group>";
		};
		A89CEC64298C13B900B3D02B /* EasyNewsiOSUITests */ = {
			isa = PBXGroup;
			children = (
				A89CEC65298C13B900B3D02B /* EasyNewsiOSUITests.swift */,
				A89CEC67298C13B900B3D02B /* EasyNewsiOSUITestsLaunchTests.swift */,
			);
			path = EasyNewsiOSUITests;
			sourceTree = "<group>";
		};
		A8B252E22982C3130037B1D4 /* Helpers */ = {
			isa = PBXGroup;
			children = (
				A8B252E32982C31F0037B1D4 /* ArticleStoreSpy.swift */,
			);
			path = Helpers;
			sourceTree = "<group>";
		};
		A8C722FB29671D0C0032087C = {
			isa = PBXGroup;
			children = (
				A8C7230629671D0C0032087C /* EasyNews */,
				A8C7232029671D0E0032087C /* EasyNewsTests */,
				A8C7232A29671D0E0032087C /* EasyNewsUITests */,
				A89CEC40298C13B800B3D02B /* EasyNewsiOS */,
				A89CEC5A298C13B900B3D02B /* EasyNewsiOSTests */,
				A89CEC64298C13B900B3D02B /* EasyNewsiOSUITests */,
				A8C7230529671D0C0032087C /* Products */,
			);
			sourceTree = "<group>";
		};
		A8C7230529671D0C0032087C /* Products */ = {
			isa = PBXGroup;
			children = (
				A8C7230429671D0C0032087C /* EasyNews.app */,
				A8C7231D29671D0E0032087C /* EasyNewsTests.xctest */,
				A8C7232729671D0E0032087C /* EasyNewsUITests.xctest */,
				A89CEC3F298C13B800B3D02B /* EasyNewsiOS.app */,
				A89CEC57298C13B900B3D02B /* EasyNewsiOSTests.xctest */,
				A89CEC61298C13B900B3D02B /* EasyNewsiOSUITests.xctest */,
			);
			name = Products;
			sourceTree = "<group>";
		};
		A8C7230629671D0C0032087C /* EasyNews */ = {
			isa = PBXGroup;
			children = (
				A8138B3C29802A8600A24E4F /* Article Cache */,
				A8C7236F296B46700032087C /* Article Feature */,
				A8C7234629672DFC0032087C /* Shared API Infra */,
				A8C7234529672DBE0032087C /* Shared API */,
				A8C7233A296720690032087C /* Article API */,
				A8C7230729671D0C0032087C /* AppDelegate.swift */,
				A8C7230929671D0C0032087C /* SceneDelegate.swift */,
				A8C7230D29671D0C0032087C /* Main.storyboard */,
				A8C7231329671D0D0032087C /* Assets.xcassets */,
				A8C7231529671D0D0032087C /* LaunchScreen.storyboard */,
				A8C7231829671D0D0032087C /* Info.plist */,
				A8C7231029671D0C0032087C /* EasyNews.xcdatamodeld */,
			);
			path = EasyNews;
			sourceTree = "<group>";
		};
		A8C7232029671D0E0032087C /* EasyNewsTests */ = {
			isa = PBXGroup;
			children = (
				A84B38BC29805A6D00612343 /* Article Cache */,
				A8C7234B296734C10032087C /* Shared API Infra */,
				A8C72342296729FC0032087C /* Article API */,
				A8C72341296729E40032087C /* Helpers */,
			);
			path = EasyNewsTests;
			sourceTree = "<group>";
		};
		A8C7232A29671D0E0032087C /* EasyNewsUITests */ = {
			isa = PBXGroup;
			children = (
				A8C7232B29671D0E0032087C /* EasyNewsUITests.swift */,
				A8C7232D29671D0E0032087C /* EasyNewsUITestsLaunchTests.swift */,
			);
			path = EasyNewsUITests;
			sourceTree = "<group>";
		};
		A8C7233A296720690032087C /* Article API */ = {
			isa = PBXGroup;
			children = (
				A8C7234F296B25600032087C /* ArticleItemsMapper.swift */,
			);
			path = "Article API";
			sourceTree = "<group>";
		};
		A8C72341296729E40032087C /* Helpers */ = {
			isa = PBXGroup;
			children = (
				A8C7234329672A600032087C /* XCTestCase+MemoryLeakTracking.swift */,
				A8C72349296733160032087C /* SharedTestHelpers.swift */,
			);
			path = Helpers;
			sourceTree = "<group>";
		};
		A8C72342296729FC0032087C /* Article API */ = {
			isa = PBXGroup;
			children = (
			);
			path = "Article API";
			sourceTree = "<group>";
		};
		A8C7234529672DBE0032087C /* Shared API */ = {
			isa = PBXGroup;
			children = (
				A8C72376296B55C40032087C /* Helpers */,
				A8C7233D296723890032087C /* HTTPClient.swift */,
			);
			path = "Shared API";
			sourceTree = "<group>";
		};
		A8C7234629672DFC0032087C /* Shared API Infra */ = {
			isa = PBXGroup;
			children = (
				A8C7233F296724EC0032087C /* URLSessionHTTPClient.swift */,
			);
			path = "Shared API Infra";
			sourceTree = "<group>";
		};
		A8C7234B296734C10032087C /* Shared API Infra */ = {
			isa = PBXGroup;
			children = (
				A8C7234E2967438F0032087C /* Helpers */,
				A8C7234729672F360032087C /* URLSessionHTTPClientTests.swift */,
			);
			path = "Shared API Infra";
			sourceTree = "<group>";
		};
		A8C7234E2967438F0032087C /* Helpers */ = {
			isa = PBXGroup;
			children = (
				A8C7234C296734D40032087C /* URLProtocolStub.swift */,
			);
			path = Helpers;
			sourceTree = "<group>";
		};
		A8C7236F296B46700032087C /* Article Feature */ = {
			isa = PBXGroup;
			children = (
				A8C72370296B46A60032087C /* ArticleLoader.swift */,
				A8C72372296B4A740032087C /* Article.swift */,
			);
			path = "Article Feature";
			sourceTree = "<group>";
		};
		A8C72376296B55C40032087C /* Helpers */ = {
			isa = PBXGroup;
			children = (
				A8C72374296B54180032087C /* HTTPURLResponse+StatusCode.swift */,
			);
			path = Helpers;
			sourceTree = "<group>";
		};
/* End PBXGroup section */

/* Begin PBXNativeTarget section */
		A89CEC3E298C13B800B3D02B /* EasyNewsiOS */ = {
			isa = PBXNativeTarget;
			buildConfigurationList = A89CEC6F298C13B900B3D02B /* Build configuration list for PBXNativeTarget "EasyNewsiOS" */;
			buildPhases = (
				A89CEC3B298C13B800B3D02B /* Sources */,
				A89CEC3C298C13B800B3D02B /* Frameworks */,
				A89CEC3D298C13B800B3D02B /* Resources */,
			);
			buildRules = (
			);
			dependencies = (
			);
			name = EasyNewsiOS;
			productName = EasyNewsiOS;
			productReference = A89CEC3F298C13B800B3D02B /* EasyNewsiOS.app */;
			productType = "com.apple.product-type.application";
		};
		A89CEC56298C13B900B3D02B /* EasyNewsiOSTests */ = {
			isa = PBXNativeTarget;
			buildConfigurationList = A89CEC70298C13B900B3D02B /* Build configuration list for PBXNativeTarget "EasyNewsiOSTests" */;
			buildPhases = (
				A89CEC53298C13B900B3D02B /* Sources */,
				A89CEC54298C13B900B3D02B /* Frameworks */,
				A89CEC55298C13B900B3D02B /* Resources */,
			);
			buildRules = (
			);
			dependencies = (
				A89CEC59298C13B900B3D02B /* PBXTargetDependency */,
			);
			name = EasyNewsiOSTests;
			productName = EasyNewsiOSTests;
			productReference = A89CEC57298C13B900B3D02B /* EasyNewsiOSTests.xctest */;
			productType = "com.apple.product-type.bundle.unit-test";
		};
		A89CEC60298C13B900B3D02B /* EasyNewsiOSUITests */ = {
			isa = PBXNativeTarget;
			buildConfigurationList = A89CEC71298C13B900B3D02B /* Build configuration list for PBXNativeTarget "EasyNewsiOSUITests" */;
			buildPhases = (
				A89CEC5D298C13B900B3D02B /* Sources */,
				A89CEC5E298C13B900B3D02B /* Frameworks */,
				A89CEC5F298C13B900B3D02B /* Resources */,
			);
			buildRules = (
			);
			dependencies = (
				A89CEC63298C13B900B3D02B /* PBXTargetDependency */,
			);
			name = EasyNewsiOSUITests;
			productName = EasyNewsiOSUITests;
			productReference = A89CEC61298C13B900B3D02B /* EasyNewsiOSUITests.xctest */;
			productType = "com.apple.product-type.bundle.ui-testing";
		};
		A8C7230329671D0C0032087C /* EasyNews */ = {
			isa = PBXNativeTarget;
			buildConfigurationList = A8C7233129671D0E0032087C /* Build configuration list for PBXNativeTarget "EasyNews" */;
			buildPhases = (
				A8C7230029671D0C0032087C /* Sources */,
				A8C7230129671D0C0032087C /* Frameworks */,
				A8C7230229671D0C0032087C /* Resources */,
			);
			buildRules = (
			);
			dependencies = (
			);
			name = EasyNews;
			productName = EsayNews;
			productReference = A8C7230429671D0C0032087C /* EasyNews.app */;
			productType = "com.apple.product-type.application";
		};
		A8C7231C29671D0E0032087C /* EasyNewsTests */ = {
			isa = PBXNativeTarget;
			buildConfigurationList = A8C7233429671D0E0032087C /* Build configuration list for PBXNativeTarget "EasyNewsTests" */;
			buildPhases = (
				A8C7231929671D0E0032087C /* Sources */,
				A8C7231A29671D0E0032087C /* Frameworks */,
				A8C7231B29671D0E0032087C /* Resources */,
			);
			buildRules = (
			);
			dependencies = (
				A8C7231F29671D0E0032087C /* PBXTargetDependency */,
			);
			name = EasyNewsTests;
			productName = EsayNewsTests;
			productReference = A8C7231D29671D0E0032087C /* EasyNewsTests.xctest */;
			productType = "com.apple.product-type.bundle.unit-test";
		};
		A8C7232629671D0E0032087C /* EasyNewsUITests */ = {
			isa = PBXNativeTarget;
			buildConfigurationList = A8C7233729671D0E0032087C /* Build configuration list for PBXNativeTarget "EasyNewsUITests" */;
			buildPhases = (
				A8C7232329671D0E0032087C /* Sources */,
				A8C7232429671D0E0032087C /* Frameworks */,
				A8C7232529671D0E0032087C /* Resources */,
			);
			buildRules = (
			);
			dependencies = (
				A8C7232929671D0E0032087C /* PBXTargetDependency */,
			);
			name = EasyNewsUITests;
			productName = EsayNewsUITests;
			productReference = A8C7232729671D0E0032087C /* EasyNewsUITests.xctest */;
			productType = "com.apple.product-type.bundle.ui-testing";
		};
/* End PBXNativeTarget section */

/* Begin PBXProject section */
		A8C722FC29671D0C0032087C /* Project object */ = {
			isa = PBXProject;
			attributes = {
				BuildIndependentTargetsInParallel = 1;
				LastSwiftUpdateCheck = 1420;
				LastUpgradeCheck = 1420;
				TargetAttributes = {
					A89CEC3E298C13B800B3D02B = {
						CreatedOnToolsVersion = 14.2;
					};
					A89CEC56298C13B900B3D02B = {
						CreatedOnToolsVersion = 14.2;
						TestTargetID = A89CEC3E298C13B800B3D02B;
					};
					A89CEC60298C13B900B3D02B = {
						CreatedOnToolsVersion = 14.2;
						TestTargetID = A89CEC3E298C13B800B3D02B;
					};
					A8C7230329671D0C0032087C = {
						CreatedOnToolsVersion = 14.2;
					};
					A8C7231C29671D0E0032087C = {
						CreatedOnToolsVersion = 14.2;
						TestTargetID = A8C7230329671D0C0032087C;
					};
					A8C7232629671D0E0032087C = {
						CreatedOnToolsVersion = 14.2;
						TestTargetID = A8C7230329671D0C0032087C;
					};
				};
			};
			buildConfigurationList = A8C722FF29671D0C0032087C /* Build configuration list for PBXProject "EasyNews" */;
			compatibilityVersion = "Xcode 14.0";
			developmentRegion = en;
			hasScannedForEncodings = 0;
			knownRegions = (
				en,
				Base,
			);
			mainGroup = A8C722FB29671D0C0032087C;
			productRefGroup = A8C7230529671D0C0032087C /* Products */;
			projectDirPath = "";
			projectRoot = "";
			targets = (
				A8C7230329671D0C0032087C /* EasyNews */,
				A8C7231C29671D0E0032087C /* EasyNewsTests */,
				A8C7232629671D0E0032087C /* EasyNewsUITests */,
				A89CEC3E298C13B800B3D02B /* EasyNewsiOS */,
				A89CEC56298C13B900B3D02B /* EasyNewsiOSTests */,
				A89CEC60298C13B900B3D02B /* EasyNewsiOSUITests */,
			);
		};
/* End PBXProject section */

/* Begin PBXResourcesBuildPhase section */
		A89CEC3D298C13B800B3D02B /* Resources */ = {
			isa = PBXResourcesBuildPhase;
			buildActionMask = 2147483647;
			files = (
				A89CEC51298C13B800B3D02B /* LaunchScreen.storyboard in Resources */,
				A89CEC4E298C13B800B3D02B /* Assets.xcassets in Resources */,
				A89CEC49298C13B800B3D02B /* Main.storyboard in Resources */,
			);
			runOnlyForDeploymentPostprocessing = 0;
		};
		A89CEC55298C13B900B3D02B /* Resources */ = {
			isa = PBXResourcesBuildPhase;
			buildActionMask = 2147483647;
			files = (
			);
			runOnlyForDeploymentPostprocessing = 0;
		};
		A89CEC5F298C13B900B3D02B /* Resources */ = {
			isa = PBXResourcesBuildPhase;
			buildActionMask = 2147483647;
			files = (
			);
			runOnlyForDeploymentPostprocessing = 0;
		};
		A8C7230229671D0C0032087C /* Resources */ = {
			isa = PBXResourcesBuildPhase;
			buildActionMask = 2147483647;
			files = (
				A8C7231729671D0D0032087C /* LaunchScreen.storyboard in Resources */,
				A8C7231429671D0D0032087C /* Assets.xcassets in Resources */,
				A8C7230F29671D0C0032087C /* Main.storyboard in Resources */,
			);
			runOnlyForDeploymentPostprocessing = 0;
		};
		A8C7231B29671D0E0032087C /* Resources */ = {
			isa = PBXResourcesBuildPhase;
			buildActionMask = 2147483647;
			files = (
			);
			runOnlyForDeploymentPostprocessing = 0;
		};
		A8C7232529671D0E0032087C /* Resources */ = {
			isa = PBXResourcesBuildPhase;
			buildActionMask = 2147483647;
			files = (
			);
			runOnlyForDeploymentPostprocessing = 0;
		};
/* End PBXResourcesBuildPhase section */

/* Begin PBXSourcesBuildPhase section */
		A89CEC3B298C13B800B3D02B /* Sources */ = {
			isa = PBXSourcesBuildPhase;
			buildActionMask = 2147483647;
			files = (
				A89CEC46298C13B800B3D02B /* ViewController.swift in Sources */,
				A89CEC42298C13B800B3D02B /* AppDelegate.swift in Sources */,
				A89CEC4C298C13B800B3D02B /* EasyNewsiOS.xcdatamodeld in Sources */,
				A89CEC44298C13B800B3D02B /* SceneDelegate.swift in Sources */,
			);
			runOnlyForDeploymentPostprocessing = 0;
		};
		A89CEC53298C13B900B3D02B /* Sources */ = {
			isa = PBXSourcesBuildPhase;
			buildActionMask = 2147483647;
			files = (
				A89CEC5C298C13B900B3D02B /* EasyNewsiOSTests.swift in Sources */,
			);
			runOnlyForDeploymentPostprocessing = 0;
		};
		A89CEC5D298C13B900B3D02B /* Sources */ = {
			isa = PBXSourcesBuildPhase;
			buildActionMask = 2147483647;
			files = (
				A89CEC66298C13B900B3D02B /* EasyNewsiOSUITests.swift in Sources */,
				A89CEC68298C13B900B3D02B /* EasyNewsiOSUITestsLaunchTests.swift in Sources */,
			);
			runOnlyForDeploymentPostprocessing = 0;
		};
		A8C7230029671D0C0032087C /* Sources */ = {
			isa = PBXSourcesBuildPhase;
			buildActionMask = 2147483647;
			files = (
				A8138B3E2980399500A24E4F /* ManagedArticle.swift in Sources */,
				A8B252D8298147160037B1D4 /* LocalArticle.swift in Sources */,
				A8C72375296B54180032087C /* HTTPURLResponse+StatusCode.swift in Sources */,
				A84B38BE2980723700612343 /* ManagedCache.swift in Sources */,
				A8C72340296724EC0032087C /* URLSessionHTTPClient.swift in Sources */,
				A8C7231229671D0C0032087C /* EasyNews.xcdatamodeld in Sources */,
				A8C72373296B4A740032087C /* Article.swift in Sources */,
				A8B252E62982C5650037B1D4 /* ArticleStore.swift in Sources */,
				A84B38B92980482200612343 /* CoreDataHelpers.swift in Sources */,
				A8C72371296B46A60032087C /* ArticleLoader.swift in Sources */,
				A8138B4429803AC500A24E4F /* ArticleStore.xcdatamodeld in Sources */,
				A8C7233E296723890032087C /* HTTPClient.swift in Sources */,
				A8B252DA2981549A0037B1D4 /* ArticleCachePolicy.swift in Sources */,
				A8C7230829671D0C0032087C /* AppDelegate.swift in Sources */,
				A84B38B7298047B900612343 /* CoreDataArticleStore.swift in Sources */,
				A8A1FBF6298994A300296E97 /* LocalArticlesLoader.swift in Sources */,
				A8C7230A29671D0C0032087C /* SceneDelegate.swift in Sources */,
				A8C72350296B25600032087C /* ArticleItemsMapper.swift in Sources */,
			);
			runOnlyForDeploymentPostprocessing = 0;
		};
		A8C7231929671D0E0032087C /* Sources */ = {
			isa = PBXSourcesBuildPhase;
			buildActionMask = 2147483647;
			files = (
				A8C7234829672F360032087C /* URLSessionHTTPClientTests.swift in Sources */,
				A85FD6622985A8A500A840A0 /* ArticleCacheTestHelpers.swift in Sources */,
				A85FD66029857EFF00A840A0 /* CoreDataArticleStoreTests.swift in Sources */,
				A8C7234429672A600032087C /* XCTestCase+MemoryLeakTracking.swift in Sources */,
				A8C7234A296733160032087C /* SharedTestHelpers.swift in Sources */,
				A852475A29843D1F00E9C111 /* ArticleStoreSpecs.swift in Sources */,
				A8B252E42982C31F0037B1D4 /* ArticleStoreSpy.swift in Sources */,
				A89C0BEA298A864900689FEB /* CacheArticlesUseCaseTests.swift in Sources */,
				A852475C298455DF00E9C111 /* XCTestCase+ArticleStoreSpecs.swift in Sources */,
				A8C7234D296734D40032087C /* URLProtocolStub.swift in Sources */,
			);
			runOnlyForDeploymentPostprocessing = 0;
		};
		A8C7232329671D0E0032087C /* Sources */ = {
			isa = PBXSourcesBuildPhase;
			buildActionMask = 2147483647;
			files = (
				A8C7232E29671D0E0032087C /* EasyNewsUITestsLaunchTests.swift in Sources */,
				A8C7232C29671D0E0032087C /* EasyNewsUITests.swift in Sources */,
			);
			runOnlyForDeploymentPostprocessing = 0;
		};
/* End PBXSourcesBuildPhase section */

/* Begin PBXTargetDependency section */
		A89CEC59298C13B900B3D02B /* PBXTargetDependency */ = {
			isa = PBXTargetDependency;
			target = A89CEC3E298C13B800B3D02B /* EasyNewsiOS */;
			targetProxy = A89CEC58298C13B900B3D02B /* PBXContainerItemProxy */;
		};
		A89CEC63298C13B900B3D02B /* PBXTargetDependency */ = {
			isa = PBXTargetDependency;
			target = A89CEC3E298C13B800B3D02B /* EasyNewsiOS */;
			targetProxy = A89CEC62298C13B900B3D02B /* PBXContainerItemProxy */;
		};
		A8C7231F29671D0E0032087C /* PBXTargetDependency */ = {
			isa = PBXTargetDependency;
			target = A8C7230329671D0C0032087C /* EasyNews */;
			targetProxy = A8C7231E29671D0E0032087C /* PBXContainerItemProxy */;
		};
		A8C7232929671D0E0032087C /* PBXTargetDependency */ = {
			isa = PBXTargetDependency;
			target = A8C7230329671D0C0032087C /* EasyNews */;
			targetProxy = A8C7232829671D0E0032087C /* PBXContainerItemProxy */;
		};
/* End PBXTargetDependency section */

/* Begin PBXVariantGroup section */
		A89CEC47298C13B800B3D02B /* Main.storyboard */ = {
			isa = PBXVariantGroup;
			children = (
				A89CEC48298C13B800B3D02B /* Base */,
			);
			name = Main.storyboard;
			sourceTree = "<group>";
		};
		A89CEC4F298C13B800B3D02B /* LaunchScreen.storyboard */ = {
			isa = PBXVariantGroup;
			children = (
				A89CEC50298C13B800B3D02B /* Base */,
			);
			name = LaunchScreen.storyboard;
			sourceTree = "<group>";
		};
		A8C7230D29671D0C0032087C /* Main.storyboard */ = {
			isa = PBXVariantGroup;
			children = (
				A8C7230E29671D0C0032087C /* Base */,
			);
			name = Main.storyboard;
			sourceTree = "<group>";
		};
		A8C7231529671D0D0032087C /* LaunchScreen.storyboard */ = {
			isa = PBXVariantGroup;
			children = (
				A8C7231629671D0D0032087C /* Base */,
			);
			name = LaunchScreen.storyboard;
			sourceTree = "<group>";
		};
/* End PBXVariantGroup section */

/* Begin XCBuildConfiguration section */
		A89CEC69298C13B900B3D02B /* Debug */ = {
			isa = XCBuildConfiguration;
			buildSettings = {
				ASSETCATALOG_COMPILER_APPICON_NAME = AppIcon;
				ASSETCATALOG_COMPILER_GLOBAL_ACCENT_COLOR_NAME = AccentColor;
				CODE_SIGN_STYLE = Automatic;
				CURRENT_PROJECT_VERSION = 1;
				DEVELOPMENT_TEAM = LYFS9UP88S;
				GENERATE_INFOPLIST_FILE = YES;
				INFOPLIST_FILE = EasyNewsiOS/Info.plist;
				INFOPLIST_KEY_UIApplicationSupportsIndirectInputEvents = YES;
				INFOPLIST_KEY_UILaunchStoryboardName = LaunchScreen;
				INFOPLIST_KEY_UIMainStoryboardFile = Main;
				INFOPLIST_KEY_UISupportedInterfaceOrientations_iPad = "UIInterfaceOrientationPortrait UIInterfaceOrientationPortraitUpsideDown UIInterfaceOrientationLandscapeLeft UIInterfaceOrientationLandscapeRight";
				INFOPLIST_KEY_UISupportedInterfaceOrientations_iPhone = "UIInterfaceOrientationPortrait UIInterfaceOrientationLandscapeLeft UIInterfaceOrientationLandscapeRight";
				IPHONEOS_DEPLOYMENT_TARGET = 14.0;
				LD_RUNPATH_SEARCH_PATHS = (
					"$(inherited)",
					"@executable_path/Frameworks",
				);
				MARKETING_VERSION = 1.0;
				PRODUCT_BUNDLE_IDENTIFIER = "Brook-Ma.EasyNewsiOS";
				PRODUCT_NAME = "$(TARGET_NAME)";
				SWIFT_EMIT_LOC_STRINGS = YES;
				SWIFT_VERSION = 5.0;
				TARGETED_DEVICE_FAMILY = "1,2";
			};
			name = Debug;
		};
		A89CEC6A298C13B900B3D02B /* Release */ = {
			isa = XCBuildConfiguration;
			buildSettings = {
				ASSETCATALOG_COMPILER_APPICON_NAME = AppIcon;
				ASSETCATALOG_COMPILER_GLOBAL_ACCENT_COLOR_NAME = AccentColor;
				CODE_SIGN_STYLE = Automatic;
				CURRENT_PROJECT_VERSION = 1;
				DEVELOPMENT_TEAM = LYFS9UP88S;
				GENERATE_INFOPLIST_FILE = YES;
				INFOPLIST_FILE = EasyNewsiOS/Info.plist;
				INFOPLIST_KEY_UIApplicationSupportsIndirectInputEvents = YES;
				INFOPLIST_KEY_UILaunchStoryboardName = LaunchScreen;
				INFOPLIST_KEY_UIMainStoryboardFile = Main;
				INFOPLIST_KEY_UISupportedInterfaceOrientations_iPad = "UIInterfaceOrientationPortrait UIInterfaceOrientationPortraitUpsideDown UIInterfaceOrientationLandscapeLeft UIInterfaceOrientationLandscapeRight";
				INFOPLIST_KEY_UISupportedInterfaceOrientations_iPhone = "UIInterfaceOrientationPortrait UIInterfaceOrientationLandscapeLeft UIInterfaceOrientationLandscapeRight";
				IPHONEOS_DEPLOYMENT_TARGET = 14.0;
				LD_RUNPATH_SEARCH_PATHS = (
					"$(inherited)",
					"@executable_path/Frameworks",
				);
				MARKETING_VERSION = 1.0;
				PRODUCT_BUNDLE_IDENTIFIER = "Brook-Ma.EasyNewsiOS";
				PRODUCT_NAME = "$(TARGET_NAME)";
				SWIFT_EMIT_LOC_STRINGS = YES;
				SWIFT_VERSION = 5.0;
				TARGETED_DEVICE_FAMILY = "1,2";
			};
			name = Release;
		};
		A89CEC6B298C13B900B3D02B /* Debug */ = {
			isa = XCBuildConfiguration;
			buildSettings = {
				ALWAYS_EMBED_SWIFT_STANDARD_LIBRARIES = YES;
				BUNDLE_LOADER = "$(TEST_HOST)";
				CODE_SIGN_STYLE = Automatic;
				CURRENT_PROJECT_VERSION = 1;
				DEVELOPMENT_TEAM = LYFS9UP88S;
				GENERATE_INFOPLIST_FILE = YES;
				IPHONEOS_DEPLOYMENT_TARGET = 14.0;
				MARKETING_VERSION = 1.0;
				PRODUCT_BUNDLE_IDENTIFIER = "Brook-Ma.EasyNewsiOSTests";
				PRODUCT_NAME = "$(TARGET_NAME)";
				SWIFT_EMIT_LOC_STRINGS = NO;
				SWIFT_VERSION = 5.0;
				TARGETED_DEVICE_FAMILY = "1,2";
				TEST_HOST = "$(BUILT_PRODUCTS_DIR)/EasyNewsiOS.app/$(BUNDLE_EXECUTABLE_FOLDER_PATH)/EasyNewsiOS";
			};
			name = Debug;
		};
		A89CEC6C298C13B900B3D02B /* Release */ = {
			isa = XCBuildConfiguration;
			buildSettings = {
				ALWAYS_EMBED_SWIFT_STANDARD_LIBRARIES = YES;
				BUNDLE_LOADER = "$(TEST_HOST)";
				CODE_SIGN_STYLE = Automatic;
				CURRENT_PROJECT_VERSION = 1;
				DEVELOPMENT_TEAM = LYFS9UP88S;
				GENERATE_INFOPLIST_FILE = YES;
				IPHONEOS_DEPLOYMENT_TARGET = 14.0;
				MARKETING_VERSION = 1.0;
				PRODUCT_BUNDLE_IDENTIFIER = "Brook-Ma.EasyNewsiOSTests";
				PRODUCT_NAME = "$(TARGET_NAME)";
				SWIFT_EMIT_LOC_STRINGS = NO;
				SWIFT_VERSION = 5.0;
				TARGETED_DEVICE_FAMILY = "1,2";
				TEST_HOST = "$(BUILT_PRODUCTS_DIR)/EasyNewsiOS.app/$(BUNDLE_EXECUTABLE_FOLDER_PATH)/EasyNewsiOS";
			};
			name = Release;
		};
		A89CEC6D298C13B900B3D02B /* Debug */ = {
			isa = XCBuildConfiguration;
			buildSettings = {
				ALWAYS_EMBED_SWIFT_STANDARD_LIBRARIES = YES;
				CODE_SIGN_STYLE = Automatic;
				CURRENT_PROJECT_VERSION = 1;
				DEVELOPMENT_TEAM = LYFS9UP88S;
				GENERATE_INFOPLIST_FILE = YES;
				IPHONEOS_DEPLOYMENT_TARGET = 14.0;
				MARKETING_VERSION = 1.0;
				PRODUCT_BUNDLE_IDENTIFIER = "Brook-Ma.EasyNewsiOSUITests";
				PRODUCT_NAME = "$(TARGET_NAME)";
				SWIFT_EMIT_LOC_STRINGS = NO;
				SWIFT_VERSION = 5.0;
				TARGETED_DEVICE_FAMILY = "1,2";
				TEST_TARGET_NAME = EasyNewsiOS;
			};
			name = Debug;
		};
		A89CEC6E298C13B900B3D02B /* Release */ = {
			isa = XCBuildConfiguration;
			buildSettings = {
				ALWAYS_EMBED_SWIFT_STANDARD_LIBRARIES = YES;
				CODE_SIGN_STYLE = Automatic;
				CURRENT_PROJECT_VERSION = 1;
				DEVELOPMENT_TEAM = LYFS9UP88S;
				GENERATE_INFOPLIST_FILE = YES;
				IPHONEOS_DEPLOYMENT_TARGET = 14.0;
				MARKETING_VERSION = 1.0;
				PRODUCT_BUNDLE_IDENTIFIER = "Brook-Ma.EasyNewsiOSUITests";
				PRODUCT_NAME = "$(TARGET_NAME)";
				SWIFT_EMIT_LOC_STRINGS = NO;
				SWIFT_VERSION = 5.0;
				TARGETED_DEVICE_FAMILY = "1,2";
				TEST_TARGET_NAME = EasyNewsiOS;
			};
			name = Release;
		};
		A8C7232F29671D0E0032087C /* Debug */ = {
			isa = XCBuildConfiguration;
			buildSettings = {
				ALWAYS_SEARCH_USER_PATHS = NO;
				CLANG_ANALYZER_NONNULL = YES;
				CLANG_ANALYZER_NUMBER_OBJECT_CONVERSION = YES_AGGRESSIVE;
				CLANG_CXX_LANGUAGE_STANDARD = "gnu++20";
				CLANG_ENABLE_MODULES = YES;
				CLANG_ENABLE_OBJC_ARC = YES;
				CLANG_ENABLE_OBJC_WEAK = YES;
				CLANG_WARN_BLOCK_CAPTURE_AUTORELEASING = YES;
				CLANG_WARN_BOOL_CONVERSION = YES;
				CLANG_WARN_COMMA = YES;
				CLANG_WARN_CONSTANT_CONVERSION = YES;
				CLANG_WARN_DEPRECATED_OBJC_IMPLEMENTATIONS = YES;
				CLANG_WARN_DIRECT_OBJC_ISA_USAGE = YES_ERROR;
				CLANG_WARN_DOCUMENTATION_COMMENTS = YES;
				CLANG_WARN_EMPTY_BODY = YES;
				CLANG_WARN_ENUM_CONVERSION = YES;
				CLANG_WARN_INFINITE_RECURSION = YES;
				CLANG_WARN_INT_CONVERSION = YES;
				CLANG_WARN_NON_LITERAL_NULL_CONVERSION = YES;
				CLANG_WARN_OBJC_IMPLICIT_RETAIN_SELF = YES;
				CLANG_WARN_OBJC_LITERAL_CONVERSION = YES;
				CLANG_WARN_OBJC_ROOT_CLASS = YES_ERROR;
				CLANG_WARN_QUOTED_INCLUDE_IN_FRAMEWORK_HEADER = YES;
				CLANG_WARN_RANGE_LOOP_ANALYSIS = YES;
				CLANG_WARN_STRICT_PROTOTYPES = YES;
				CLANG_WARN_SUSPICIOUS_MOVE = YES;
				CLANG_WARN_UNGUARDED_AVAILABILITY = YES_AGGRESSIVE;
				CLANG_WARN_UNREACHABLE_CODE = YES;
				CLANG_WARN__DUPLICATE_METHOD_MATCH = YES;
				COPY_PHASE_STRIP = NO;
				DEBUG_INFORMATION_FORMAT = dwarf;
				ENABLE_STRICT_OBJC_MSGSEND = YES;
				ENABLE_TESTABILITY = YES;
				GCC_C_LANGUAGE_STANDARD = gnu11;
				GCC_DYNAMIC_NO_PIC = NO;
				GCC_NO_COMMON_BLOCKS = YES;
				GCC_OPTIMIZATION_LEVEL = 0;
				GCC_PREPROCESSOR_DEFINITIONS = (
					"DEBUG=1",
					"$(inherited)",
				);
				GCC_WARN_64_TO_32_BIT_CONVERSION = YES;
				GCC_WARN_ABOUT_RETURN_TYPE = YES_ERROR;
				GCC_WARN_UNDECLARED_SELECTOR = YES;
				GCC_WARN_UNINITIALIZED_AUTOS = YES_AGGRESSIVE;
				GCC_WARN_UNUSED_FUNCTION = YES;
				GCC_WARN_UNUSED_VARIABLE = YES;
				IPHONEOS_DEPLOYMENT_TARGET = 16.2;
				MTL_ENABLE_DEBUG_INFO = INCLUDE_SOURCE;
				MTL_FAST_MATH = YES;
				ONLY_ACTIVE_ARCH = YES;
				SDKROOT = iphoneos;
				SWIFT_ACTIVE_COMPILATION_CONDITIONS = DEBUG;
				SWIFT_OPTIMIZATION_LEVEL = "-Onone";
			};
			name = Debug;
		};
		A8C7233029671D0E0032087C /* Release */ = {
			isa = XCBuildConfiguration;
			buildSettings = {
				ALWAYS_SEARCH_USER_PATHS = NO;
				CLANG_ANALYZER_NONNULL = YES;
				CLANG_ANALYZER_NUMBER_OBJECT_CONVERSION = YES_AGGRESSIVE;
				CLANG_CXX_LANGUAGE_STANDARD = "gnu++20";
				CLANG_ENABLE_MODULES = YES;
				CLANG_ENABLE_OBJC_ARC = YES;
				CLANG_ENABLE_OBJC_WEAK = YES;
				CLANG_WARN_BLOCK_CAPTURE_AUTORELEASING = YES;
				CLANG_WARN_BOOL_CONVERSION = YES;
				CLANG_WARN_COMMA = YES;
				CLANG_WARN_CONSTANT_CONVERSION = YES;
				CLANG_WARN_DEPRECATED_OBJC_IMPLEMENTATIONS = YES;
				CLANG_WARN_DIRECT_OBJC_ISA_USAGE = YES_ERROR;
				CLANG_WARN_DOCUMENTATION_COMMENTS = YES;
				CLANG_WARN_EMPTY_BODY = YES;
				CLANG_WARN_ENUM_CONVERSION = YES;
				CLANG_WARN_INFINITE_RECURSION = YES;
				CLANG_WARN_INT_CONVERSION = YES;
				CLANG_WARN_NON_LITERAL_NULL_CONVERSION = YES;
				CLANG_WARN_OBJC_IMPLICIT_RETAIN_SELF = YES;
				CLANG_WARN_OBJC_LITERAL_CONVERSION = YES;
				CLANG_WARN_OBJC_ROOT_CLASS = YES_ERROR;
				CLANG_WARN_QUOTED_INCLUDE_IN_FRAMEWORK_HEADER = YES;
				CLANG_WARN_RANGE_LOOP_ANALYSIS = YES;
				CLANG_WARN_STRICT_PROTOTYPES = YES;
				CLANG_WARN_SUSPICIOUS_MOVE = YES;
				CLANG_WARN_UNGUARDED_AVAILABILITY = YES_AGGRESSIVE;
				CLANG_WARN_UNREACHABLE_CODE = YES;
				CLANG_WARN__DUPLICATE_METHOD_MATCH = YES;
				COPY_PHASE_STRIP = NO;
				DEBUG_INFORMATION_FORMAT = "dwarf-with-dsym";
				ENABLE_NS_ASSERTIONS = NO;
				ENABLE_STRICT_OBJC_MSGSEND = YES;
				GCC_C_LANGUAGE_STANDARD = gnu11;
				GCC_NO_COMMON_BLOCKS = YES;
				GCC_WARN_64_TO_32_BIT_CONVERSION = YES;
				GCC_WARN_ABOUT_RETURN_TYPE = YES_ERROR;
				GCC_WARN_UNDECLARED_SELECTOR = YES;
				GCC_WARN_UNINITIALIZED_AUTOS = YES_AGGRESSIVE;
				GCC_WARN_UNUSED_FUNCTION = YES;
				GCC_WARN_UNUSED_VARIABLE = YES;
				IPHONEOS_DEPLOYMENT_TARGET = 16.2;
				MTL_ENABLE_DEBUG_INFO = NO;
				MTL_FAST_MATH = YES;
				SDKROOT = iphoneos;
				SWIFT_COMPILATION_MODE = wholemodule;
				SWIFT_OPTIMIZATION_LEVEL = "-O";
				VALIDATE_PRODUCT = YES;
			};
			name = Release;
		};
		A8C7233229671D0E0032087C /* Debug */ = {
			isa = XCBuildConfiguration;
			buildSettings = {
				ASSETCATALOG_COMPILER_APPICON_NAME = AppIcon;
				ASSETCATALOG_COMPILER_GLOBAL_ACCENT_COLOR_NAME = AccentColor;
				CODE_SIGN_STYLE = Automatic;
				CURRENT_PROJECT_VERSION = 1;
				DEVELOPMENT_TEAM = LYFS9UP88S;
				GENERATE_INFOPLIST_FILE = YES;
				INFOPLIST_FILE = EasyNews/Info.plist;
				INFOPLIST_KEY_UIApplicationSupportsIndirectInputEvents = YES;
				INFOPLIST_KEY_UILaunchStoryboardName = LaunchScreen;
				INFOPLIST_KEY_UIMainStoryboardFile = Main;
				INFOPLIST_KEY_UISupportedInterfaceOrientations_iPad = "UIInterfaceOrientationPortrait UIInterfaceOrientationPortraitUpsideDown UIInterfaceOrientationLandscapeLeft UIInterfaceOrientationLandscapeRight";
				INFOPLIST_KEY_UISupportedInterfaceOrientations_iPhone = "UIInterfaceOrientationPortrait UIInterfaceOrientationLandscapeLeft UIInterfaceOrientationLandscapeRight";
				IPHONEOS_DEPLOYMENT_TARGET = 14.0;
				LD_RUNPATH_SEARCH_PATHS = (
					"$(inherited)",
					"@executable_path/Frameworks",
				);
				MARKETING_VERSION = 1.0;
				PRODUCT_BUNDLE_IDENTIFIER = "Brook-Ma.EasyNews";
				PRODUCT_NAME = "$(TARGET_NAME)";
				SWIFT_EMIT_LOC_STRINGS = YES;
				SWIFT_VERSION = 5.0;
				TARGETED_DEVICE_FAMILY = "1,2";
			};
			name = Debug;
		};
		A8C7233329671D0E0032087C /* Release */ = {
			isa = XCBuildConfiguration;
			buildSettings = {
				ASSETCATALOG_COMPILER_APPICON_NAME = AppIcon;
				ASSETCATALOG_COMPILER_GLOBAL_ACCENT_COLOR_NAME = AccentColor;
				CODE_SIGN_STYLE = Automatic;
				CURRENT_PROJECT_VERSION = 1;
				DEVELOPMENT_TEAM = LYFS9UP88S;
				GENERATE_INFOPLIST_FILE = YES;
				INFOPLIST_FILE = EasyNews/Info.plist;
				INFOPLIST_KEY_UIApplicationSupportsIndirectInputEvents = YES;
				INFOPLIST_KEY_UILaunchStoryboardName = LaunchScreen;
				INFOPLIST_KEY_UIMainStoryboardFile = Main;
				INFOPLIST_KEY_UISupportedInterfaceOrientations_iPad = "UIInterfaceOrientationPortrait UIInterfaceOrientationPortraitUpsideDown UIInterfaceOrientationLandscapeLeft UIInterfaceOrientationLandscapeRight";
				INFOPLIST_KEY_UISupportedInterfaceOrientations_iPhone = "UIInterfaceOrientationPortrait UIInterfaceOrientationLandscapeLeft UIInterfaceOrientationLandscapeRight";
				IPHONEOS_DEPLOYMENT_TARGET = 14.0;
				LD_RUNPATH_SEARCH_PATHS = (
					"$(inherited)",
					"@executable_path/Frameworks",
				);
				MARKETING_VERSION = 1.0;
				PRODUCT_BUNDLE_IDENTIFIER = "Brook-Ma.EasyNews";
				PRODUCT_NAME = "$(TARGET_NAME)";
				SWIFT_EMIT_LOC_STRINGS = YES;
				SWIFT_VERSION = 5.0;
				TARGETED_DEVICE_FAMILY = "1,2";
			};
			name = Release;
		};
		A8C7233529671D0E0032087C /* Debug */ = {
			isa = XCBuildConfiguration;
			buildSettings = {
				ALWAYS_EMBED_SWIFT_STANDARD_LIBRARIES = YES;
				BUNDLE_LOADER = "$(TEST_HOST)";
				CODE_SIGN_STYLE = Automatic;
				CURRENT_PROJECT_VERSION = 1;
				DEVELOPMENT_TEAM = LYFS9UP88S;
				GENERATE_INFOPLIST_FILE = YES;
				IPHONEOS_DEPLOYMENT_TARGET = 14.0;
				MARKETING_VERSION = 1.0;
				PRODUCT_BUNDLE_IDENTIFIER = "Brook-Ma.EasyNewsTests";
				PRODUCT_NAME = "$(TARGET_NAME)";
				SWIFT_EMIT_LOC_STRINGS = NO;
				SWIFT_VERSION = 5.0;
				TARGETED_DEVICE_FAMILY = "1,2";
				TEST_HOST = "$(BUILT_PRODUCTS_DIR)/EasyNews.app/$(BUNDLE_EXECUTABLE_FOLDER_PATH)/EasyNews";
			};
			name = Debug;
		};
		A8C7233629671D0E0032087C /* Release */ = {
			isa = XCBuildConfiguration;
			buildSettings = {
				ALWAYS_EMBED_SWIFT_STANDARD_LIBRARIES = YES;
				BUNDLE_LOADER = "$(TEST_HOST)";
				CODE_SIGN_STYLE = Automatic;
				CURRENT_PROJECT_VERSION = 1;
				DEVELOPMENT_TEAM = LYFS9UP88S;
				GENERATE_INFOPLIST_FILE = YES;
				IPHONEOS_DEPLOYMENT_TARGET = 14.0;
				MARKETING_VERSION = 1.0;
				PRODUCT_BUNDLE_IDENTIFIER = "Brook-Ma.EasyNewsTests";
				PRODUCT_NAME = "$(TARGET_NAME)";
				SWIFT_EMIT_LOC_STRINGS = NO;
				SWIFT_VERSION = 5.0;
				TARGETED_DEVICE_FAMILY = "1,2";
				TEST_HOST = "$(BUILT_PRODUCTS_DIR)/EasyNews.app/$(BUNDLE_EXECUTABLE_FOLDER_PATH)/EasyNews";
			};
			name = Release;
		};
		A8C7233829671D0E0032087C /* Debug */ = {
			isa = XCBuildConfiguration;
			buildSettings = {
				ALWAYS_EMBED_SWIFT_STANDARD_LIBRARIES = YES;
				CODE_SIGN_STYLE = Automatic;
				CURRENT_PROJECT_VERSION = 1;
				DEVELOPMENT_TEAM = LYFS9UP88S;
				GENERATE_INFOPLIST_FILE = YES;
				IPHONEOS_DEPLOYMENT_TARGET = 14.0;
				MARKETING_VERSION = 1.0;
				PRODUCT_BUNDLE_IDENTIFIER = "Brook-Ma.EasyNewsUITests";
				PRODUCT_NAME = "$(TARGET_NAME)";
				SWIFT_EMIT_LOC_STRINGS = NO;
				SWIFT_VERSION = 5.0;
				TARGETED_DEVICE_FAMILY = "1,2";
				TEST_TARGET_NAME = EasyNews;
			};
			name = Debug;
		};
		A8C7233929671D0E0032087C /* Release */ = {
			isa = XCBuildConfiguration;
			buildSettings = {
				ALWAYS_EMBED_SWIFT_STANDARD_LIBRARIES = YES;
				CODE_SIGN_STYLE = Automatic;
				CURRENT_PROJECT_VERSION = 1;
				DEVELOPMENT_TEAM = LYFS9UP88S;
				GENERATE_INFOPLIST_FILE = YES;
				IPHONEOS_DEPLOYMENT_TARGET = 14.0;
				MARKETING_VERSION = 1.0;
				PRODUCT_BUNDLE_IDENTIFIER = "Brook-Ma.EasyNewsUITests";
				PRODUCT_NAME = "$(TARGET_NAME)";
				SWIFT_EMIT_LOC_STRINGS = NO;
				SWIFT_VERSION = 5.0;
				TARGETED_DEVICE_FAMILY = "1,2";
				TEST_TARGET_NAME = EasyNews;
			};
			name = Release;
		};
/* End XCBuildConfiguration section */

/* Begin XCConfigurationList section */
		A89CEC6F298C13B900B3D02B /* Build configuration list for PBXNativeTarget "EasyNewsiOS" */ = {
			isa = XCConfigurationList;
			buildConfigurations = (
				A89CEC69298C13B900B3D02B /* Debug */,
				A89CEC6A298C13B900B3D02B /* Release */,
			);
			defaultConfigurationIsVisible = 0;
			defaultConfigurationName = Release;
		};
		A89CEC70298C13B900B3D02B /* Build configuration list for PBXNativeTarget "EasyNewsiOSTests" */ = {
			isa = XCConfigurationList;
			buildConfigurations = (
				A89CEC6B298C13B900B3D02B /* Debug */,
				A89CEC6C298C13B900B3D02B /* Release */,
			);
			defaultConfigurationIsVisible = 0;
			defaultConfigurationName = Release;
		};
		A89CEC71298C13B900B3D02B /* Build configuration list for PBXNativeTarget "EasyNewsiOSUITests" */ = {
			isa = XCConfigurationList;
			buildConfigurations = (
				A89CEC6D298C13B900B3D02B /* Debug */,
				A89CEC6E298C13B900B3D02B /* Release */,
			);
			defaultConfigurationIsVisible = 0;
			defaultConfigurationName = Release;
		};
		A8C722FF29671D0C0032087C /* Build configuration list for PBXProject "EasyNews" */ = {
			isa = XCConfigurationList;
			buildConfigurations = (
				A8C7232F29671D0E0032087C /* Debug */,
				A8C7233029671D0E0032087C /* Release */,
			);
			defaultConfigurationIsVisible = 0;
			defaultConfigurationName = Release;
		};
		A8C7233129671D0E0032087C /* Build configuration list for PBXNativeTarget "EasyNews" */ = {
			isa = XCConfigurationList;
			buildConfigurations = (
				A8C7233229671D0E0032087C /* Debug */,
				A8C7233329671D0E0032087C /* Release */,
			);
			defaultConfigurationIsVisible = 0;
			defaultConfigurationName = Release;
		};
		A8C7233429671D0E0032087C /* Build configuration list for PBXNativeTarget "EasyNewsTests" */ = {
			isa = XCConfigurationList;
			buildConfigurations = (
				A8C7233529671D0E0032087C /* Debug */,
				A8C7233629671D0E0032087C /* Release */,
			);
			defaultConfigurationIsVisible = 0;
			defaultConfigurationName = Release;
		};
		A8C7233729671D0E0032087C /* Build configuration list for PBXNativeTarget "EasyNewsUITests" */ = {
			isa = XCConfigurationList;
			buildConfigurations = (
				A8C7233829671D0E0032087C /* Debug */,
				A8C7233929671D0E0032087C /* Release */,
			);
			defaultConfigurationIsVisible = 0;
			defaultConfigurationName = Release;
		};
/* End XCConfigurationList section */

/* Begin XCVersionGroup section */
		A8138B4229803AC500A24E4F /* ArticleStore.xcdatamodeld */ = {
			isa = XCVersionGroup;
			children = (
				A8138B4329803AC500A24E4F /* ArticleStore.xcdatamodel */,
			);
			currentVersion = A8138B4329803AC500A24E4F /* ArticleStore.xcdatamodel */;
			path = ArticleStore.xcdatamodeld;
			sourceTree = "<group>";
			versionGroupType = wrapper.xcdatamodel;
		};
		A89CEC4A298C13B800B3D02B /* EasyNewsiOS.xcdatamodeld */ = {
			isa = XCVersionGroup;
			children = (
				A89CEC4B298C13B800B3D02B /* EasyNewsiOS.xcdatamodel */,
			);
			currentVersion = A89CEC4B298C13B800B3D02B /* EasyNewsiOS.xcdatamodel */;
			path = EasyNewsiOS.xcdatamodeld;
			sourceTree = "<group>";
			versionGroupType = wrapper.xcdatamodel;
		};
		A8C7231029671D0C0032087C /* EasyNews.xcdatamodeld */ = {
			isa = XCVersionGroup;
			children = (
				A8C7231129671D0C0032087C /* EsayNews.xcdatamodel */,
			);
			currentVersion = A8C7231129671D0C0032087C /* EsayNews.xcdatamodel */;
			path = EasyNews.xcdatamodeld;
			sourceTree = "<group>";
			versionGroupType = wrapper.xcdatamodel;
		};
/* End XCVersionGroup section */
	};
	rootObject = A8C722FC29671D0C0032087C /* Project object */;
}
